
Microsoft Visual Studio Solution File, Format Version 12.00
# Visual Studio Version 18
VisualStudioVersion = 18.3.11426.168 d18.3
MinimumVisualStudioVersion = 10.0.40219.1
Project("{FAE04EC0-301F-11D3-BF4B-00C04F79EFBC}") = "TravelQuotesApi", "TravelQuotesApi.csproj", "{610BD735-82C3-8499-5F5C-8AA133E2EF05}"
EndProject
Global
	GlobalSection(SolutionConfigurationPlatforms) = preSolution
		Debug|Any CPU = Debug|Any CPU
		Release|Any CPU = Release|Any CPU
	EndGlobalSection
	GlobalSection(ProjectConfigurationPlatforms) = postSolution
		{610BD735-82C3-8499-5F5C-8AA133E2EF05}.Debug|Any CPU.ActiveCfg = Debug|Any CPU
		{610BD735-82C3-8499-5F5C-8AA133E2EF05}.Debug|Any CPU.Build.0 = Debug|Any CPU
		{610BD735-82C3-8499-5F5C-8AA133E2EF05}.Release|Any CPU.ActiveCfg = Release|Any CPU
		{610BD735-82C3-8499-5F5C-8AA133E2EF05}.Release|Any CPU.Build.0 = Release|Any CPU
	EndGlobalSection
	GlobalSection(SolutionProperties) = preSolution
		HideSolutionNode = FALSE
	EndGlobalSection
	GlobalSection(ExtensibilityGlobals) = postSolution
		SolutionGuid = {A9F0CC7B-5E32-4D74-8A88-DA3767882273}
	EndGlobalSection
EndGlobal
